
Microsoft Visual Studio Solution File, Format Version 12.00
# Visual Studio 15
VisualStudioVersion = 15.0.27428.2005
MinimumVisualStudioVersion = 10.0.40219.1
Project("{FAE04EC0-301F-11D3-BF4B-00C04F79EFBC}") = "Try with calc", "HomeWork\Try with calc.csproj", "{493C0446-488A-4BA4-839C-58A0DD79F97C}"
EndProject
Project("{FAE04EC0-301F-11D3-BF4B-00C04F79EFBC}") = "Interface_Print", "Interface_Print\Interface_Print.csproj", "{F8B4BC5F-2B13-485A-9850-D1099F664CBC}"
EndProject
Project("{FAE04EC0-301F-11D3-BF4B-00C04F79EFBC}") = "mass9", "..\HomeWork2\ex9\mass9.csproj", "{CE8B7CCE-83E7-4203-A9E2-FD8613A39B37}"
EndProject
Project("{FAE04EC0-301F-11D3-BF4B-00C04F79EFBC}") = "mass2", "..\HomeWork2\ex2\mass2.csproj", "{1B95F5F2-AD4D-49A9-AEE4-1C32D1AD1302}"
EndProject
Project("{FAE04EC0-301F-11D3-BF4B-00C04F79EFBC}") = "Library", "Library\Library.csproj", "{7DDA429F-6056-4918-AE9E-EE6F0596909D}"
EndProject
Project("{FAE04EC0-301F-11D3-BF4B-00C04F79EFBC}") = "List_Book", "List_Book\List_Book.csproj", "{4EAFCBE9-EFA5-4C1C-B4BF-4F47C9AF8291}"
EndProject
Project("{FAE04EC0-301F-11D3-BF4B-00C04F79EFBC}") = "Morze", "Morze\Morze.csproj", "{24C2FDCD-C471-4F15-AD0F-5FF7A80ADDC9}"
EndProject
Project("{FAE04EC0-301F-11D3-BF4B-00C04F79EFBC}") = "ListBook_dbText", "ListBook_dbText\ListBook_dbText.csproj", "{DA4E7FE7-6A93-45F6-A934-A732C2D1A6CE}"
EndProject
Project("{FAE04EC0-301F-11D3-BF4B-00C04F79EFBC}") = "Library_List_Json", "Library_List_Json\Library_List_Json.csproj", "{9EE0C0EA-272A-4053-B9E2-A2B82E0FC9F0}"
EndProject
Project("{FAE04EC0-301F-11D3-BF4B-00C04F79EFBC}") = "DataSoursee", "DataSoursee\DataSoursee.csproj", "{219F06AD-0F91-4F13-A52B-00FB0A51D422}"
EndProject
Project("{FAE04EC0-301F-11D3-BF4B-00C04F79EFBC}") = "entity", "entity\entity.csproj", "{A3315F81-1C0C-4916-9540-FA7BCAAF54A7}"
EndProject
Project("{FAE04EC0-301F-11D3-BF4B-00C04F79EFBC}") = "ToDay", "ToDay\ToDay.csproj", "{D29A0119-DB68-49F4-B6CD-840A94F32689}"
EndProject
Project("{FAE04EC0-301F-11D3-BF4B-00C04F79EFBC}") = "Fly_KBP_db", "Fly_KBP_db\Fly_KBP_db.csproj", "{67F24BF5-B1C5-483E-98AD-49945D262D30}"
EndProject
Project("{FAE04EC0-301F-11D3-BF4B-00C04F79EFBC}") = "DB2", "DB2\DB2.csproj", "{33B275A7-7D26-4750-88A5-6957C17BBFFB}"
EndProject
Project("{FAE04EC0-301F-11D3-BF4B-00C04F79EFBC}") = "Proga", "Proga\Proga.csproj", "{368D167E-80AF-4A1F-91EA-3189A0FF596C}"
EndProject
Project("{FAE04EC0-301F-11D3-BF4B-00C04F79EFBC}") = "LinQ_", "LinQ_\LinQ_.csproj", "{88F3069A-955B-48E8-9B59-1DD9792F4518}"
EndProject
Project("{FAE04EC0-301F-11D3-BF4B-00C04F79EFBC}") = "UniTest", "UniTest\UniTest.csproj", "{B0279904-9D54-405B-B886-26E27590E625}"
EndProject
Project("{FAE04EC0-301F-11D3-BF4B-00C04F79EFBC}") = "UnitTestProject1", "UnitTestProject1\UnitTestProject1.csproj", "{4883D57E-8050-49F7-AAFE-A6BA9B6FB2E9}"
EndProject
Project("{FAE04EC0-301F-11D3-BF4B-00C04F79EFBC}") = "ManyTheders", "ManyTheders\ManyTheders.csproj", "{9AF8D831-8CB9-4A99-8F77-4FBB4673A371}"
EndProject
Project("{FAE04EC0-301F-11D3-BF4B-00C04F79EFBC}") = "Taski", "Taski\Taski.csproj", "{A7A068EC-6475-4E2A-9D6A-6918A9FBB2A7}"
EndProject
Project("{FAE04EC0-301F-11D3-BF4B-00C04F79EFBC}") = "AsyncAwait", "AsyncAwait\AsyncAwait.csproj", "{35875F26-C996-4EB6-8A61-501F8B0F7FE8}"
EndProject
Project("{FAE04EC0-301F-11D3-BF4B-00C04F79EFBC}") = "WindowsFormsApp2", "WindowsFormsApp2\WindowsFormsApp2.csproj", "{FFE8061B-CA5A-4C96-952E-EF9C245A79FD}"
EndProject
Project("{FAE04EC0-301F-11D3-BF4B-00C04F79EFBC}") = "BookStoreMvc", "BookStoreMvc\BookStoreMvc.csproj", "{E4B8C2E2-DEA1-4659-B953-8EBCDB52DD3A}"
EndProject
Global
	GlobalSection(SolutionConfigurationPlatforms) = preSolution
		Debug|Any CPU = Debug|Any CPU
		Release|Any CPU = Release|Any CPU
	EndGlobalSection
	GlobalSection(ProjectConfigurationPlatforms) = postSolution
		{493C0446-488A-4BA4-839C-58A0DD79F97C}.Debug|Any CPU.ActiveCfg = Debug|Any CPU
		{493C0446-488A-4BA4-839C-58A0DD79F97C}.Debug|Any CPU.Build.0 = Debug|Any CPU
		{493C0446-488A-4BA4-839C-58A0DD79F97C}.Release|Any CPU.ActiveCfg = Release|Any CPU
		{493C0446-488A-4BA4-839C-58A0DD79F97C}.Release|Any CPU.Build.0 = Release|Any CPU
		{F8B4BC5F-2B13-485A-9850-D1099F664CBC}.Debug|Any CPU.ActiveCfg = Debug|Any CPU
		{F8B4BC5F-2B13-485A-9850-D1099F664CBC}.Debug|Any CPU.Build.0 = Debug|Any CPU
		{F8B4BC5F-2B13-485A-9850-D1099F664CBC}.Release|Any CPU.ActiveCfg = Release|Any CPU
		{F8B4BC5F-2B13-485A-9850-D1099F664CBC}.Release|Any CPU.Build.0 = Release|Any CPU
		{CE8B7CCE-83E7-4203-A9E2-FD8613A39B37}.Debug|Any CPU.ActiveCfg = Debug|Any CPU
		{CE8B7CCE-83E7-4203-A9E2-FD8613A39B37}.Debug|Any CPU.Build.0 = Debug|Any CPU
		{CE8B7CCE-83E7-4203-A9E2-FD8613A39B37}.Release|Any CPU.ActiveCfg = Release|Any CPU
		{CE8B7CCE-83E7-4203-A9E2-FD8613A39B37}.Release|Any CPU.Build.0 = Release|Any CPU
		{1B95F5F2-AD4D-49A9-AEE4-1C32D1AD1302}.Debug|Any CPU.ActiveCfg = Debug|Any CPU
		{1B95F5F2-AD4D-49A9-AEE4-1C32D1AD1302}.Debug|Any CPU.Build.0 = Debug|Any CPU
		{1B95F5F2-AD4D-49A9-AEE4-1C32D1AD1302}.Release|Any CPU.ActiveCfg = Release|Any CPU
		{1B95F5F2-AD4D-49A9-AEE4-1C32D1AD1302}.Release|Any CPU.Build.0 = Release|Any CPU
		{7DDA429F-6056-4918-AE9E-EE6F0596909D}.Debug|Any CPU.ActiveCfg = Debug|Any CPU
		{7DDA429F-6056-4918-AE9E-EE6F0596909D}.Debug|Any CPU.Build.0 = Debug|Any CPU
		{7DDA429F-6056-4918-AE9E-EE6F0596909D}.Release|Any CPU.ActiveCfg = Release|Any CPU
		{7DDA429F-6056-4918-AE9E-EE6F0596909D}.Release|Any CPU.Build.0 = Release|Any CPU
		{4EAFCBE9-EFA5-4C1C-B4BF-4F47C9AF8291}.Debug|Any CPU.ActiveCfg = Debug|Any CPU
		{4EAFCBE9-EFA5-4C1C-B4BF-4F47C9AF8291}.Debug|Any CPU.Build.0 = Debug|Any CPU
		{4EAFCBE9-EFA5-4C1C-B4BF-4F47C9AF8291}.Release|Any CPU.ActiveCfg = Release|Any CPU
		{4EAFCBE9-EFA5-4C1C-B4BF-4F47C9AF8291}.Release|Any CPU.Build.0 = Release|Any CPU
		{24C2FDCD-C471-4F15-AD0F-5FF7A80ADDC9}.Debug|Any CPU.ActiveCfg = Debug|Any CPU
		{24C2FDCD-C471-4F15-AD0F-5FF7A80ADDC9}.Debug|Any CPU.Build.0 = Debug|Any CPU
		{24C2FDCD-C471-4F15-AD0F-5FF7A80ADDC9}.Release|Any CPU.ActiveCfg = Release|Any CPU
		{24C2FDCD-C471-4F15-AD0F-5FF7A80ADDC9}.Release|Any CPU.Build.0 = Release|Any CPU
		{DA4E7FE7-6A93-45F6-A934-A732C2D1A6CE}.Debug|Any CPU.ActiveCfg = Debug|Any CPU
		{DA4E7FE7-6A93-45F6-A934-A732C2D1A6CE}.Debug|Any CPU.Build.0 = Debug|Any CPU
		{DA4E7FE7-6A93-45F6-A934-A732C2D1A6CE}.Release|Any CPU.ActiveCfg = Release|Any CPU
		{DA4E7FE7-6A93-45F6-A934-A732C2D1A6CE}.Release|Any CPU.Build.0 = Release|Any CPU
		{9EE0C0EA-272A-4053-B9E2-A2B82E0FC9F0}.Debug|Any CPU.ActiveCfg = Debug|Any CPU
		{9EE0C0EA-272A-4053-B9E2-A2B82E0FC9F0}.Debug|Any CPU.Build.0 = Debug|Any CPU
		{9EE0C0EA-272A-4053-B9E2-A2B82E0FC9F0}.Release|Any CPU.ActiveCfg = Release|Any CPU
		{9EE0C0EA-272A-4053-B9E2-A2B82E0FC9F0}.Release|Any CPU.Build.0 = Release|Any CPU
		{219F06AD-0F91-4F13-A52B-00FB0A51D422}.Debug|Any CPU.ActiveCfg = Debug|Any CPU
		{219F06AD-0F91-4F13-A52B-00FB0A51D422}.Debug|Any CPU.Build.0 = Debug|Any CPU
		{219F06AD-0F91-4F13-A52B-00FB0A51D422}.Release|Any CPU.ActiveCfg = Release|Any CPU
		{219F06AD-0F91-4F13-A52B-00FB0A51D422}.Release|Any CPU.Build.0 = Release|Any CPU
		{A3315F81-1C0C-4916-9540-FA7BCAAF54A7}.Debug|Any CPU.ActiveCfg = Debug|Any CPU
		{A3315F81-1C0C-4916-9540-FA7BCAAF54A7}.Debug|Any CPU.Build.0 = Debug|Any CPU
		{A3315F81-1C0C-4916-9540-FA7BCAAF54A7}.Release|Any CPU.ActiveCfg = Release|Any CPU
		{A3315F81-1C0C-4916-9540-FA7BCAAF54A7}.Release|Any CPU.Build.0 = Release|Any CPU
		{D29A0119-DB68-49F4-B6CD-840A94F32689}.Debug|Any CPU.ActiveCfg = Debug|Any CPU
		{D29A0119-DB68-49F4-B6CD-840A94F32689}.Debug|Any CPU.Build.0 = Debug|Any CPU
		{D29A0119-DB68-49F4-B6CD-840A94F32689}.Release|Any CPU.ActiveCfg = Release|Any CPU
		{D29A0119-DB68-49F4-B6CD-840A94F32689}.Release|Any CPU.Build.0 = Release|Any CPU
		{67F24BF5-B1C5-483E-98AD-49945D262D30}.Debug|Any CPU.ActiveCfg = Debug|Any CPU
		{67F24BF5-B1C5-483E-98AD-49945D262D30}.Debug|Any CPU.Build.0 = Debug|Any CPU
		{67F24BF5-B1C5-483E-98AD-49945D262D30}.Release|Any CPU.ActiveCfg = Release|Any CPU
		{67F24BF5-B1C5-483E-98AD-49945D262D30}.Release|Any CPU.Build.0 = Release|Any CPU
		{33B275A7-7D26-4750-88A5-6957C17BBFFB}.Debug|Any CPU.ActiveCfg = Debug|Any CPU
		{33B275A7-7D26-4750-88A5-6957C17BBFFB}.Debug|Any CPU.Build.0 = Debug|Any CPU
		{33B275A7-7D26-4750-88A5-6957C17BBFFB}.Release|Any CPU.ActiveCfg = Release|Any CPU
		{33B275A7-7D26-4750-88A5-6957C17BBFFB}.Release|Any CPU.Build.0 = Release|Any CPU
		{368D167E-80AF-4A1F-91EA-3189A0FF596C}.Debug|Any CPU.ActiveCfg = Debug|Any CPU
		{368D167E-80AF-4A1F-91EA-3189A0FF596C}.Debug|Any CPU.Build.0 = Debug|Any CPU
		{368D167E-80AF-4A1F-91EA-3189A0FF596C}.Release|Any CPU.ActiveCfg = Release|Any CPU
		{368D167E-80AF-4A1F-91EA-3189A0FF596C}.Release|Any CPU.Build.0 = Release|Any CPU
		{88F3069A-955B-48E8-9B59-1DD9792F4518}.Debug|Any CPU.ActiveCfg = Debug|Any CPU
		{88F3069A-955B-48E8-9B59-1DD9792F4518}.Debug|Any CPU.Build.0 = Debug|Any CPU
		{88F3069A-955B-48E8-9B59-1DD9792F4518}.Release|Any CPU.ActiveCfg = Release|Any CPU
		{88F3069A-955B-48E8-9B59-1DD9792F4518}.Release|Any CPU.Build.0 = Release|Any CPU
		{B0279904-9D54-405B-B886-26E27590E625}.Debug|Any CPU.ActiveCfg = Debug|Any CPU
		{B0279904-9D54-405B-B886-26E27590E625}.Debug|Any CPU.Build.0 = Debug|Any CPU
		{B0279904-9D54-405B-B886-26E27590E625}.Release|Any CPU.ActiveCfg = Release|Any CPU
		{B0279904-9D54-405B-B886-26E27590E625}.Release|Any CPU.Build.0 = Release|Any CPU
		{4883D57E-8050-49F7-AAFE-A6BA9B6FB2E9}.Debug|Any CPU.ActiveCfg = Debug|Any CPU
		{4883D57E-8050-49F7-AAFE-A6BA9B6FB2E9}.Debug|Any CPU.Build.0 = Debug|Any CPU
		{4883D57E-8050-49F7-AAFE-A6BA9B6FB2E9}.Release|Any CPU.ActiveCfg = Release|Any CPU
		{4883D57E-8050-49F7-AAFE-A6BA9B6FB2E9}.Release|Any CPU.Build.0 = Release|Any CPU
		{9AF8D831-8CB9-4A99-8F77-4FBB4673A371}.Debug|Any CPU.ActiveCfg = Debug|Any CPU
		{9AF8D831-8CB9-4A99-8F77-4FBB4673A371}.Debug|Any CPU.Build.0 = Debug|Any CPU
		{9AF8D831-8CB9-4A99-8F77-4FBB4673A371}.Release|Any CPU.ActiveCfg = Release|Any CPU
		{9AF8D831-8CB9-4A99-8F77-4FBB4673A371}.Release|Any CPU.Build.0 = Release|Any CPU
		{A7A068EC-6475-4E2A-9D6A-6918A9FBB2A7}.Debug|Any CPU.ActiveCfg = Debug|Any CPU
		{A7A068EC-6475-4E2A-9D6A-6918A9FBB2A7}.Debug|Any CPU.Build.0 = Debug|Any CPU
		{A7A068EC-6475-4E2A-9D6A-6918A9FBB2A7}.Release|Any CPU.ActiveCfg = Release|Any CPU
		{A7A068EC-6475-4E2A-9D6A-6918A9FBB2A7}.Release|Any CPU.Build.0 = Release|Any CPU
		{35875F26-C996-4EB6-8A61-501F8B0F7FE8}.Debug|Any CPU.ActiveCfg = Debug|Any CPU
		{35875F26-C996-4EB6-8A61-501F8B0F7FE8}.Debug|Any CPU.Build.0 = Debug|Any CPU
		{35875F26-C996-4EB6-8A61-501F8B0F7FE8}.Release|Any CPU.ActiveCfg = Release|Any CPU
		{35875F26-C996-4EB6-8A61-501F8B0F7FE8}.Release|Any CPU.Build.0 = Release|Any CPU
		{FFE8061B-CA5A-4C96-952E-EF9C245A79FD}.Debug|Any CPU.ActiveCfg = Debug|Any CPU
		{FFE8061B-CA5A-4C96-952E-EF9C245A79FD}.Debug|Any CPU.Build.0 = Debug|Any CPU
		{FFE8061B-CA5A-4C96-952E-EF9C245A79FD}.Release|Any CPU.ActiveCfg = Release|Any CPU
		{FFE8061B-CA5A-4C96-952E-EF9C245A79FD}.Release|Any CPU.Build.0 = Release|Any CPU
		{E4B8C2E2-DEA1-4659-B953-8EBCDB52DD3A}.Debug|Any CPU.ActiveCfg = Debug|Any CPU
		{E4B8C2E2-DEA1-4659-B953-8EBCDB52DD3A}.Debug|Any CPU.Build.0 = Debug|Any CPU
		{E4B8C2E2-DEA1-4659-B953-8EBCDB52DD3A}.Release|Any CPU.ActiveCfg = Release|Any CPU
		{E4B8C2E2-DEA1-4659-B953-8EBCDB52DD3A}.Release|Any CPU.Build.0 = Release|Any CPU
	EndGlobalSection
	GlobalSection(SolutionProperties) = preSolution
		HideSolutionNode = FALSE
	EndGlobalSection
	GlobalSection(ExtensibilityGlobals) = postSolution
		SolutionGuid = {B696DD9D-C04C-4C2A-AD5F-B5E6C7677574}
	EndGlobalSection
EndGlobal
