
Microsoft Visual Studio Solution File, Format Version 12.00
# Visual Studio 15
VisualStudioVersion = 15.0.27428.2005
MinimumVisualStudioVersion = 10.0.40219.1
Project("{FAE04EC0-301F-11D3-BF4B-00C04F79EFBC}") = "Try with calc", "HomeWork\Try with calc.csproj", "{493C0446-488A-4BA4-839C-58A0DD79F97C}"
EndProject
Project("{FAE04EC0-301F-11D3-BF4B-00C04F79EFBC}") = "Interface_Print", "Interface_Print\Interface_Print.csproj", "{F8B4BC5F-2B13-485A-9850-D1099F664CBC}"
EndProject
Project("{FAE04EC0-301F-11D3-BF4B-00C04F79EFBC}") = "mass1", "..\HomeWork2\HW2\mass1.csproj", "{7B066826-8D9D-44E2-B8B8-69358CBFDD0B}"
EndProject
Project("{FAE04EC0-301F-11D3-BF4B-00C04F79EFBC}") = "mass2", "..\HomeWork2\ex2\mass2.csproj", "{1B95F5F2-AD4D-49A9-AEE4-1C32D1AD1302}"
EndProject
Project("{FAE04EC0-301F-11D3-BF4B-00C04F79EFBC}") = "mass3", "..\HomeWork2\ex3\mass3.csproj", "{88E1F4DA-411C-4C04-81E7-23E9EC2C05B4}"
EndProject
Project("{FAE04EC0-301F-11D3-BF4B-00C04F79EFBC}") = "mass4", "..\HomeWork2\ex4\mass4.csproj", "{4350CFA2-2FF0-43BC-8441-4E9AEC201FFE}"
EndProject
Project("{FAE04EC0-301F-11D3-BF4B-00C04F79EFBC}") = "mass5", "..\HomeWork2\ex5\mass5.csproj", "{3770D86A-E87E-491E-BE7F-75E3409B8A54}"
EndProject
Project("{FAE04EC0-301F-11D3-BF4B-00C04F79EFBC}") = "mass6", "..\HomeWork2\ex6\mass6.csproj", "{F994C677-2C6E-4803-896E-E76855529B91}"
EndProject
Project("{FAE04EC0-301F-11D3-BF4B-00C04F79EFBC}") = "mass7", "..\HomeWork2\ex7\mass7.csproj", "{D7A061F2-67D9-404C-91B7-F696C1D2C319}"
EndProject
Project("{FAE04EC0-301F-11D3-BF4B-00C04F79EFBC}") = "mass8", "..\HomeWork2\ex8\mass8.csproj", "{23117771-BB56-4B63-B054-573FCABA93EE}"
EndProject
Project("{FAE04EC0-301F-11D3-BF4B-00C04F79EFBC}") = "mass9", "..\HomeWork2\ex9\mass9.csproj", "{CE8B7CCE-83E7-4203-A9E2-FD8613A39B37}"
EndProject
Global
	GlobalSection(SolutionConfigurationPlatforms) = preSolution
		Debug|Any CPU = Debug|Any CPU
		Release|Any CPU = Release|Any CPU
	EndGlobalSection
	GlobalSection(ProjectConfigurationPlatforms) = postSolution
		{493C0446-488A-4BA4-839C-58A0DD79F97C}.Debug|Any CPU.ActiveCfg = Debug|Any CPU
		{493C0446-488A-4BA4-839C-58A0DD79F97C}.Debug|Any CPU.Build.0 = Debug|Any CPU
		{493C0446-488A-4BA4-839C-58A0DD79F97C}.Release|Any CPU.ActiveCfg = Release|Any CPU
		{493C0446-488A-4BA4-839C-58A0DD79F97C}.Release|Any CPU.Build.0 = Release|Any CPU
		{F8B4BC5F-2B13-485A-9850-D1099F664CBC}.Debug|Any CPU.ActiveCfg = Debug|Any CPU
		{F8B4BC5F-2B13-485A-9850-D1099F664CBC}.Debug|Any CPU.Build.0 = Debug|Any CPU
		{F8B4BC5F-2B13-485A-9850-D1099F664CBC}.Release|Any CPU.ActiveCfg = Release|Any CPU
		{F8B4BC5F-2B13-485A-9850-D1099F664CBC}.Release|Any CPU.Build.0 = Release|Any CPU
		{7B066826-8D9D-44E2-B8B8-69358CBFDD0B}.Debug|Any CPU.ActiveCfg = Debug|Any CPU
		{7B066826-8D9D-44E2-B8B8-69358CBFDD0B}.Debug|Any CPU.Build.0 = Debug|Any CPU
		{7B066826-8D9D-44E2-B8B8-69358CBFDD0B}.Release|Any CPU.ActiveCfg = Release|Any CPU
		{7B066826-8D9D-44E2-B8B8-69358CBFDD0B}.Release|Any CPU.Build.0 = Release|Any CPU
		{1B95F5F2-AD4D-49A9-AEE4-1C32D1AD1302}.Debug|Any CPU.ActiveCfg = Debug|Any CPU
		{1B95F5F2-AD4D-49A9-AEE4-1C32D1AD1302}.Debug|Any CPU.Build.0 = Debug|Any CPU
		{1B95F5F2-AD4D-49A9-AEE4-1C32D1AD1302}.Release|Any CPU.ActiveCfg = Release|Any CPU
		{1B95F5F2-AD4D-49A9-AEE4-1C32D1AD1302}.Release|Any CPU.Build.0 = Release|Any CPU
		{88E1F4DA-411C-4C04-81E7-23E9EC2C05B4}.Debug|Any CPU.ActiveCfg = Debug|Any CPU
		{88E1F4DA-411C-4C04-81E7-23E9EC2C05B4}.Debug|Any CPU.Build.0 = Debug|Any CPU
		{88E1F4DA-411C-4C04-81E7-23E9EC2C05B4}.Release|Any CPU.ActiveCfg = Release|Any CPU
		{88E1F4DA-411C-4C04-81E7-23E9EC2C05B4}.Release|Any CPU.Build.0 = Release|Any CPU
		{4350CFA2-2FF0-43BC-8441-4E9AEC201FFE}.Debug|Any CPU.ActiveCfg = Debug|Any CPU
		{4350CFA2-2FF0-43BC-8441-4E9AEC201FFE}.Debug|Any CPU.Build.0 = Debug|Any CPU
		{4350CFA2-2FF0-43BC-8441-4E9AEC201FFE}.Release|Any CPU.ActiveCfg = Release|Any CPU
		{4350CFA2-2FF0-43BC-8441-4E9AEC201FFE}.Release|Any CPU.Build.0 = Release|Any CPU
		{3770D86A-E87E-491E-BE7F-75E3409B8A54}.Debug|Any CPU.ActiveCfg = Debug|Any CPU
		{3770D86A-E87E-491E-BE7F-75E3409B8A54}.Debug|Any CPU.Build.0 = Debug|Any CPU
		{3770D86A-E87E-491E-BE7F-75E3409B8A54}.Release|Any CPU.ActiveCfg = Release|Any CPU
		{3770D86A-E87E-491E-BE7F-75E3409B8A54}.Release|Any CPU.Build.0 = Release|Any CPU
		{F994C677-2C6E-4803-896E-E76855529B91}.Debug|Any CPU.ActiveCfg = Debug|Any CPU
		{F994C677-2C6E-4803-896E-E76855529B91}.Debug|Any CPU.Build.0 = Debug|Any CPU
		{F994C677-2C6E-4803-896E-E76855529B91}.Release|Any CPU.ActiveCfg = Release|Any CPU
		{F994C677-2C6E-4803-896E-E76855529B91}.Release|Any CPU.Build.0 = Release|Any CPU
		{D7A061F2-67D9-404C-91B7-F696C1D2C319}.Debug|Any CPU.ActiveCfg = Debug|Any CPU
		{D7A061F2-67D9-404C-91B7-F696C1D2C319}.Debug|Any CPU.Build.0 = Debug|Any CPU
		{D7A061F2-67D9-404C-91B7-F696C1D2C319}.Release|Any CPU.ActiveCfg = Release|Any CPU
		{D7A061F2-67D9-404C-91B7-F696C1D2C319}.Release|Any CPU.Build.0 = Release|Any CPU
		{23117771-BB56-4B63-B054-573FCABA93EE}.Debug|Any CPU.ActiveCfg = Debug|Any CPU
		{23117771-BB56-4B63-B054-573FCABA93EE}.Debug|Any CPU.Build.0 = Debug|Any CPU
		{23117771-BB56-4B63-B054-573FCABA93EE}.Release|Any CPU.ActiveCfg = Release|Any CPU
		{23117771-BB56-4B63-B054-573FCABA93EE}.Release|Any CPU.Build.0 = Release|Any CPU
		{CE8B7CCE-83E7-4203-A9E2-FD8613A39B37}.Debug|Any CPU.ActiveCfg = Debug|Any CPU
		{CE8B7CCE-83E7-4203-A9E2-FD8613A39B37}.Debug|Any CPU.Build.0 = Debug|Any CPU
		{CE8B7CCE-83E7-4203-A9E2-FD8613A39B37}.Release|Any CPU.ActiveCfg = Release|Any CPU
		{CE8B7CCE-83E7-4203-A9E2-FD8613A39B37}.Release|Any CPU.Build.0 = Release|Any CPU
	EndGlobalSection
	GlobalSection(SolutionProperties) = preSolution
		HideSolutionNode = FALSE
	EndGlobalSection
	GlobalSection(ExtensibilityGlobals) = postSolution
		SolutionGuid = {B696DD9D-C04C-4C2A-AD5F-B5E6C7677574}
	EndGlobalSection
EndGlobal
